
Microsoft Visual Studio Solution File, Format Version 12.00
# Visual Studio Version 16
VisualStudioVersion = 16.0.29215.179
MinimumVisualStudioVersion = 10.0.40219.1
Project("{FAE04EC0-301F-11D3-BF4B-00C04F79EFBC}") = "Practicum1", "Practicum1\Practicum1.csproj", "{8621F640-2407-4531-A3CD-0B40C5005779}"
EndProject
Project("{FAE04EC0-301F-11D3-BF4B-00C04F79EFBC}") = "Practicum1WorkshopTests", "Practicum1WorkshopTests\Practicum1WorkshopTests.csproj", "{5DEB4819-DB35-4BC9-8B1B-9197CCF183C6}"
EndProject
Project("{FAE04EC0-301F-11D3-BF4B-00C04F79EFBC}") = "TestBase", "TestBase\TestBase.csproj", "{C12E1EA8-DD9B-45E5-B34C-6CFAB8F27B61}"
EndProject
Project("{FAE04EC0-301F-11D3-BF4B-00C04F79EFBC}") = "Utils", "Utils\Utils.csproj", "{37D79001-5FD6-4A08-A521-75024156E0B0}"
EndProject
Global
	GlobalSection(SolutionConfigurationPlatforms) = preSolution
		Debug|Any CPU = Debug|Any CPU
		Debug|x86 = Debug|x86
		Release|Any CPU = Release|Any CPU
		Release|x86 = Release|x86
	EndGlobalSection
	GlobalSection(ProjectConfigurationPlatforms) = postSolution
		{8621F640-2407-4531-A3CD-0B40C5005779}.Debug|Any CPU.ActiveCfg = Debug|x86
		{8621F640-2407-4531-A3CD-0B40C5005779}.Debug|Any CPU.Build.0 = Debug|x86
		{8621F640-2407-4531-A3CD-0B40C5005779}.Debug|x86.ActiveCfg = Debug|x86
		{8621F640-2407-4531-A3CD-0B40C5005779}.Debug|x86.Build.0 = Debug|x86
		{8621F640-2407-4531-A3CD-0B40C5005779}.Release|Any CPU.ActiveCfg = Release|x86
		{8621F640-2407-4531-A3CD-0B40C5005779}.Release|x86.ActiveCfg = Release|x86
		{8621F640-2407-4531-A3CD-0B40C5005779}.Release|x86.Build.0 = Release|x86
		{5DEB4819-DB35-4BC9-8B1B-9197CCF183C6}.Debug|Any CPU.ActiveCfg = Debug|Any CPU
		{5DEB4819-DB35-4BC9-8B1B-9197CCF183C6}.Debug|Any CPU.Build.0 = Debug|Any CPU
		{5DEB4819-DB35-4BC9-8B1B-9197CCF183C6}.Debug|x86.ActiveCfg = Debug|Any CPU
		{5DEB4819-DB35-4BC9-8B1B-9197CCF183C6}.Debug|x86.Build.0 = Debug|Any CPU
		{5DEB4819-DB35-4BC9-8B1B-9197CCF183C6}.Release|Any CPU.ActiveCfg = Release|Any CPU
		{5DEB4819-DB35-4BC9-8B1B-9197CCF183C6}.Release|Any CPU.Build.0 = Release|Any CPU
		{5DEB4819-DB35-4BC9-8B1B-9197CCF183C6}.Release|x86.ActiveCfg = Release|Any CPU
		{5DEB4819-DB35-4BC9-8B1B-9197CCF183C6}.Release|x86.Build.0 = Release|Any CPU
		{C12E1EA8-DD9B-45E5-B34C-6CFAB8F27B61}.Debug|Any CPU.ActiveCfg = Debug|Any CPU
		{C12E1EA8-DD9B-45E5-B34C-6CFAB8F27B61}.Debug|Any CPU.Build.0 = Debug|Any CPU
		{C12E1EA8-DD9B-45E5-B34C-6CFAB8F27B61}.Debug|x86.ActiveCfg = Debug|Any CPU
		{C12E1EA8-DD9B-45E5-B34C-6CFAB8F27B61}.Debug|x86.Build.0 = Debug|Any CPU
		{C12E1EA8-DD9B-45E5-B34C-6CFAB8F27B61}.Release|Any CPU.ActiveCfg = Release|Any CPU
		{C12E1EA8-DD9B-45E5-B34C-6CFAB8F27B61}.Release|Any CPU.Build.0 = Release|Any CPU
		{C12E1EA8-DD9B-45E5-B34C-6CFAB8F27B61}.Release|x86.ActiveCfg = Release|Any CPU
		{C12E1EA8-DD9B-45E5-B34C-6CFAB8F27B61}.Release|x86.Build.0 = Release|Any CPU
		{37D79001-5FD6-4A08-A521-75024156E0B0}.Debug|Any CPU.ActiveCfg = Debug|Any CPU
		{37D79001-5FD6-4A08-A521-75024156E0B0}.Debug|Any CPU.Build.0 = Debug|Any CPU
		{37D79001-5FD6-4A08-A521-75024156E0B0}.Debug|x86.ActiveCfg = Debug|Any CPU
		{37D79001-5FD6-4A08-A521-75024156E0B0}.Debug|x86.Build.0 = Debug|Any CPU
		{37D79001-5FD6-4A08-A521-75024156E0B0}.Release|Any CPU.ActiveCfg = Release|Any CPU
		{37D79001-5FD6-4A08-A521-75024156E0B0}.Release|Any CPU.Build.0 = Release|Any CPU
		{37D79001-5FD6-4A08-A521-75024156E0B0}.Release|x86.ActiveCfg = Release|Any CPU
		{37D79001-5FD6-4A08-A521-75024156E0B0}.Release|x86.Build.0 = Release|Any CPU
	EndGlobalSection
	GlobalSection(SolutionProperties) = preSolution
		HideSolutionNode = FALSE
	EndGlobalSection
	GlobalSection(ExtensibilityGlobals) = postSolution
		SolutionGuid = {8DF461A1-023E-4084-A415-3D04A38EC338}
	EndGlobalSection
EndGlobal
