
Microsoft Visual Studio Solution File, Format Version 12.00
# Visual Studio Version 16
VisualStudioVersion = 16.0.29215.179
MinimumVisualStudioVersion = 10.0.40219.1
Project("{FAE04EC0-301F-11D3-BF4B-00C04F79EFBC}") = "Practicum4", "Practicum4\Practicum4.csproj", "{BD9467CE-04B4-42EC-8E80-42306A6C2794}"
EndProject
Project("{FAE04EC0-301F-11D3-BF4B-00C04F79EFBC}") = "Practicum4WorkshopTests", "Practicum4WorkshopTests\Practicum4WorkshopTests.csproj", "{F4641A66-6F0E-4841-BEBB-521159536455}"
EndProject
Project("{FAE04EC0-301F-11D3-BF4B-00C04F79EFBC}") = "TestBase", "TestBase\TestBase.csproj", "{C12E1EA8-DD9B-45E5-B34C-6CFAB8F27B61}"
EndProject
Project("{FAE04EC0-301F-11D3-BF4B-00C04F79EFBC}") = "Utils", "Utils\Utils.csproj", "{37D79001-5FD6-4A08-A521-75024156E0B0}"
EndProject
Global
	GlobalSection(SolutionConfigurationPlatforms) = preSolution
		Debug|Any CPU = Debug|Any CPU
		Debug|x86 = Debug|x86
		Release|Any CPU = Release|Any CPU
		Release|x86 = Release|x86
	EndGlobalSection
	GlobalSection(ProjectConfigurationPlatforms) = postSolution
		{BD9467CE-04B4-42EC-8E80-42306A6C2794}.Debug|Any CPU.ActiveCfg = Debug|x86
		{BD9467CE-04B4-42EC-8E80-42306A6C2794}.Debug|Any CPU.Build.0 = Debug|x86
		{BD9467CE-04B4-42EC-8E80-42306A6C2794}.Debug|x86.ActiveCfg = Debug|x86
		{BD9467CE-04B4-42EC-8E80-42306A6C2794}.Debug|x86.Build.0 = Debug|x86
		{BD9467CE-04B4-42EC-8E80-42306A6C2794}.Release|Any CPU.ActiveCfg = Release|x86
		{BD9467CE-04B4-42EC-8E80-42306A6C2794}.Release|x86.ActiveCfg = Release|x86
		{BD9467CE-04B4-42EC-8E80-42306A6C2794}.Release|x86.Build.0 = Release|x86
		{F4641A66-6F0E-4841-BEBB-521159536455}.Debug|Any CPU.ActiveCfg = Debug|Any CPU
		{F4641A66-6F0E-4841-BEBB-521159536455}.Debug|Any CPU.Build.0 = Debug|Any CPU
		{F4641A66-6F0E-4841-BEBB-521159536455}.Debug|x86.ActiveCfg = Debug|Any CPU
		{F4641A66-6F0E-4841-BEBB-521159536455}.Debug|x86.Build.0 = Debug|Any CPU
		{F4641A66-6F0E-4841-BEBB-521159536455}.Release|Any CPU.ActiveCfg = Release|Any CPU
		{F4641A66-6F0E-4841-BEBB-521159536455}.Release|Any CPU.Build.0 = Release|Any CPU
		{F4641A66-6F0E-4841-BEBB-521159536455}.Release|x86.ActiveCfg = Release|Any CPU
		{F4641A66-6F0E-4841-BEBB-521159536455}.Release|x86.Build.0 = Release|Any CPU
		{C12E1EA8-DD9B-45E5-B34C-6CFAB8F27B61}.Debug|Any CPU.ActiveCfg = Debug|Any CPU
		{C12E1EA8-DD9B-45E5-B34C-6CFAB8F27B61}.Debug|Any CPU.Build.0 = Debug|Any CPU
		{C12E1EA8-DD9B-45E5-B34C-6CFAB8F27B61}.Debug|x86.ActiveCfg = Debug|Any CPU
		{C12E1EA8-DD9B-45E5-B34C-6CFAB8F27B61}.Debug|x86.Build.0 = Debug|Any CPU
		{C12E1EA8-DD9B-45E5-B34C-6CFAB8F27B61}.Release|Any CPU.ActiveCfg = Release|Any CPU
		{C12E1EA8-DD9B-45E5-B34C-6CFAB8F27B61}.Release|Any CPU.Build.0 = Release|Any CPU
		{C12E1EA8-DD9B-45E5-B34C-6CFAB8F27B61}.Release|x86.ActiveCfg = Release|Any CPU
		{C12E1EA8-DD9B-45E5-B34C-6CFAB8F27B61}.Release|x86.Build.0 = Release|Any CPU
		{37D79001-5FD6-4A08-A521-75024156E0B0}.Debug|Any CPU.ActiveCfg = Debug|Any CPU
		{37D79001-5FD6-4A08-A521-75024156E0B0}.Debug|Any CPU.Build.0 = Debug|Any CPU
		{37D79001-5FD6-4A08-A521-75024156E0B0}.Debug|x86.ActiveCfg = Debug|Any CPU
		{37D79001-5FD6-4A08-A521-75024156E0B0}.Debug|x86.Build.0 = Debug|Any CPU
		{37D79001-5FD6-4A08-A521-75024156E0B0}.Release|Any CPU.ActiveCfg = Release|Any CPU
		{37D79001-5FD6-4A08-A521-75024156E0B0}.Release|Any CPU.Build.0 = Release|Any CPU
		{37D79001-5FD6-4A08-A521-75024156E0B0}.Release|x86.ActiveCfg = Release|Any CPU
		{37D79001-5FD6-4A08-A521-75024156E0B0}.Release|x86.Build.0 = Release|Any CPU
	EndGlobalSection
	GlobalSection(SolutionProperties) = preSolution
		HideSolutionNode = FALSE
	EndGlobalSection
	GlobalSection(ExtensibilityGlobals) = postSolution
		SolutionGuid = {CD22F738-0626-4B3F-9021-53BC71CC865C}
	EndGlobalSection
EndGlobal
